
Microsoft Visual Studio Solution File, Format Version 12.00
# Visual Studio Version 16
VisualStudioVersion = 16.0.30503.244
MinimumVisualStudioVersion = 10.0.40219.1
Project("{FAE04EC0-301F-11D3-BF4B-00C04F79EFBC}") = "TraductorInglesEspannol", "TraductorInglesEspannol\TraductorInglesEspannol.csproj", "{654747E1-199B-470D-BBFF-E8AD3F86023B}"
EndProject
Global
	GlobalSection(SolutionConfigurationPlatforms) = preSolution
		Debug|Any CPU = Debug|Any CPU
		Release|Any CPU = Release|Any CPU
	EndGlobalSection
	GlobalSection(ProjectConfigurationPlatforms) = postSolution
		{654747E1-199B-470D-BBFF-E8AD3F86023B}.Debug|Any CPU.ActiveCfg = Debug|Any CPU
		{654747E1-199B-470D-BBFF-E8AD3F86023B}.Debug|Any CPU.Build.0 = Debug|Any CPU
		{654747E1-199B-470D-BBFF-E8AD3F86023B}.Release|Any CPU.ActiveCfg = Release|Any CPU
		{654747E1-199B-470D-BBFF-E8AD3F86023B}.Release|Any CPU.Build.0 = Release|Any CPU
	EndGlobalSection
	GlobalSection(SolutionProperties) = preSolution
		HideSolutionNode = FALSE
	EndGlobalSection
	GlobalSection(ExtensibilityGlobals) = postSolution
		SolutionGuid = {CE9F97F1-DA61-4BAD-9475-073BF890CBB9}
	EndGlobalSection
EndGlobal
